
Microsoft Visual Studio Solution File, Format Version 12.00
# Visual Studio Version 17
VisualStudioVersion = 17.0.31903.59
MinimumVisualStudioVersion = 10.0.40219.1
Project("{2150E333-8FDC-42A3-9474-1A3956D46DE8}") = "fundamentos-criptografia", "fundamentos-criptografia", "{3980B7DD-DE29-4E81-BF94-90FE3DFCAF25}"
EndProject
Project("{FAE04EC0-301F-11D3-BF4B-00C04F79EFBC}") = "GerarChaveAleatoria", "fundamentos-criptografia\GerarChaveAleatoria\GerarChaveAleatoria.csproj", "{C50F5E24-2697-46D4-B83B-EA0A09E092A4}"
EndProject
Project("{2150E333-8FDC-42A3-9474-1A3956D46DE8}") = "criptografia-simetrica", "criptografia-simetrica", "{903C7094-8364-4BED-96D0-CF841B22F0D6}"
EndProject
Project("{FAE04EC0-301F-11D3-BF4B-00C04F79EFBC}") = "aes-ecb", "criptografia-simetrica\aes-ecb\aes-ecb.csproj", "{11C4061C-1DEB-49D6-90CC-3FF223096C4B}"
EndProject
Project("{FAE04EC0-301F-11D3-BF4B-00C04F79EFBC}") = "aes-cbc", "criptografia-simetrica\aes-cbc\aes-cbc.csproj", "{79DC9B39-E8FD-47BB-9120-A5F5AE72AA42}"
EndProject
Project("{FAE04EC0-301F-11D3-BF4B-00C04F79EFBC}") = "aes-gcm", "criptografia-simetrica\aes-gcm\aes-gcm.csproj", "{69D170B3-A1D4-4BAA-A442-F798AE44312C}"
EndProject
Project("{2150E333-8FDC-42A3-9474-1A3956D46DE8}") = "hashing", "hashing", "{7D00E39A-4304-43BA-8603-6D7BCF582680}"
EndProject
Project("{FAE04EC0-301F-11D3-BF4B-00C04F79EFBC}") = "MD5", "hashing\MD5\MD5.csproj", "{D949A26F-BBD3-4574-858A-62E05987F615}"
EndProject
Project("{FAE04EC0-301F-11D3-BF4B-00C04F79EFBC}") = "SHA", "hashing\SHA\SHA.csproj", "{A61C3601-5E6A-4D17-9070-241113C6BCB8}"
EndProject
Project("{FAE04EC0-301F-11D3-BF4B-00C04F79EFBC}") = "Blake3", "hashing\Blake3\Blake3.csproj", "{F25F1CBD-BF40-4ACD-8EE4-5892C4E3EDB7}"
EndProject
Project("{2150E333-8FDC-42A3-9474-1A3956D46DE8}") = "brute-force", "brute-force", "{E257521E-2FED-4F4C-AC51-69EE9E70A12D}"
EndProject
Project("{FAE04EC0-301F-11D3-BF4B-00C04F79EFBC}") = "BruteForce", "hashing\brute-force\BruteForce\BruteForce.csproj", "{868B5301-9F37-401E-AA11-E7620BC2439F}"
EndProject
Project("{FAE04EC0-301F-11D3-BF4B-00C04F79EFBC}") = "Argon2", "hashing\Argon2\Argon2.csproj", "{311836A0-6571-47A1-9069-223F05DCB9B0}"
EndProject
Project("{FAE04EC0-301F-11D3-BF4B-00C04F79EFBC}") = "HMAC-SHA-256", "hashing\HMAC-SHA-256\HMAC-SHA-256.csproj", "{9AD3A5D3-BDBC-408B-863F-5E15F7F7EFDE}"
EndProject
Project("{2150E333-8FDC-42A3-9474-1A3956D46DE8}") = "jwt", "jwt", "{7A34A511-6EDA-47EB-B971-BA73A7BB4287}"
EndProject
Project("{FAE04EC0-301F-11D3-BF4B-00C04F79EFBC}") = "JWT", "hashing\jwt\JWT\JWT.csproj", "{F7E14821-A497-441C-9B47-B99ADEBBD671}"
EndProject
Project("{2150E333-8FDC-42A3-9474-1A3956D46DE8}") = "criptografia-assimetrica", "criptografia-assimetrica", "{4BB17574-40A0-44B6-9BE4-2B0487870610}"
EndProject
Project("{FAE04EC0-301F-11D3-BF4B-00C04F79EFBC}") = "RSA", "criptografia-assimetrica\RSA\RSA.csproj", "{84858E98-AB91-4B7E-AD0D-3903A718FE68}"
EndProject
Project("{FAE04EC0-301F-11D3-BF4B-00C04F79EFBC}") = "AssinaturaDigital-RSA", "criptografia-assimetrica\AssinaturaDigital-RSA\AssinaturaDigital-RSA.csproj", "{1042ABC5-D4A5-44D8-BCE4-F1119232C241}"
EndProject
Project("{FAE04EC0-301F-11D3-BF4B-00C04F79EFBC}") = "RSA-Utilizando-Chaves", "criptografia-assimetrica\RSA-Utilizando-Chaves\RSA-Utilizando-Chaves.csproj", "{77433EE3-F9AF-48BE-8BE0-A3302C62B24E}"
EndProject
Project("{2150E333-8FDC-42A3-9474-1A3956D46DE8}") = "criptografia-hibrida", "criptografia-hibrida", "{E99D7BD9-2D12-450C-A5C3-A1E616A860F5}"
EndProject
Project("{FAE04EC0-301F-11D3-BF4B-00C04F79EFBC}") = "AES-RSA", "criptografia-hibrida\AES-RSA\AES-RSA.csproj", "{D635DD98-5B95-41BF-B831-9D62D25FFF3D}"
EndProject
Global
	GlobalSection(SolutionConfigurationPlatforms) = preSolution
		Debug|Any CPU = Debug|Any CPU
		Release|Any CPU = Release|Any CPU
	EndGlobalSection
	GlobalSection(ProjectConfigurationPlatforms) = postSolution
		{C50F5E24-2697-46D4-B83B-EA0A09E092A4}.Debug|Any CPU.ActiveCfg = Debug|Any CPU
		{C50F5E24-2697-46D4-B83B-EA0A09E092A4}.Debug|Any CPU.Build.0 = Debug|Any CPU
		{C50F5E24-2697-46D4-B83B-EA0A09E092A4}.Release|Any CPU.ActiveCfg = Release|Any CPU
		{C50F5E24-2697-46D4-B83B-EA0A09E092A4}.Release|Any CPU.Build.0 = Release|Any CPU
		{11C4061C-1DEB-49D6-90CC-3FF223096C4B}.Debug|Any CPU.ActiveCfg = Debug|Any CPU
		{11C4061C-1DEB-49D6-90CC-3FF223096C4B}.Debug|Any CPU.Build.0 = Debug|Any CPU
		{11C4061C-1DEB-49D6-90CC-3FF223096C4B}.Release|Any CPU.ActiveCfg = Release|Any CPU
		{11C4061C-1DEB-49D6-90CC-3FF223096C4B}.Release|Any CPU.Build.0 = Release|Any CPU
		{79DC9B39-E8FD-47BB-9120-A5F5AE72AA42}.Debug|Any CPU.ActiveCfg = Debug|Any CPU
		{79DC9B39-E8FD-47BB-9120-A5F5AE72AA42}.Debug|Any CPU.Build.0 = Debug|Any CPU
		{79DC9B39-E8FD-47BB-9120-A5F5AE72AA42}.Release|Any CPU.ActiveCfg = Release|Any CPU
		{79DC9B39-E8FD-47BB-9120-A5F5AE72AA42}.Release|Any CPU.Build.0 = Release|Any CPU
		{69D170B3-A1D4-4BAA-A442-F798AE44312C}.Debug|Any CPU.ActiveCfg = Debug|Any CPU
		{69D170B3-A1D4-4BAA-A442-F798AE44312C}.Debug|Any CPU.Build.0 = Debug|Any CPU
		{69D170B3-A1D4-4BAA-A442-F798AE44312C}.Release|Any CPU.ActiveCfg = Release|Any CPU
		{69D170B3-A1D4-4BAA-A442-F798AE44312C}.Release|Any CPU.Build.0 = Release|Any CPU
		{D949A26F-BBD3-4574-858A-62E05987F615}.Debug|Any CPU.ActiveCfg = Debug|Any CPU
		{D949A26F-BBD3-4574-858A-62E05987F615}.Debug|Any CPU.Build.0 = Debug|Any CPU
		{D949A26F-BBD3-4574-858A-62E05987F615}.Release|Any CPU.ActiveCfg = Release|Any CPU
		{D949A26F-BBD3-4574-858A-62E05987F615}.Release|Any CPU.Build.0 = Release|Any CPU
		{A61C3601-5E6A-4D17-9070-241113C6BCB8}.Debug|Any CPU.ActiveCfg = Debug|Any CPU
		{A61C3601-5E6A-4D17-9070-241113C6BCB8}.Debug|Any CPU.Build.0 = Debug|Any CPU
		{A61C3601-5E6A-4D17-9070-241113C6BCB8}.Release|Any CPU.ActiveCfg = Release|Any CPU
		{A61C3601-5E6A-4D17-9070-241113C6BCB8}.Release|Any CPU.Build.0 = Release|Any CPU
		{F25F1CBD-BF40-4ACD-8EE4-5892C4E3EDB7}.Debug|Any CPU.ActiveCfg = Debug|Any CPU
		{F25F1CBD-BF40-4ACD-8EE4-5892C4E3EDB7}.Debug|Any CPU.Build.0 = Debug|Any CPU
		{F25F1CBD-BF40-4ACD-8EE4-5892C4E3EDB7}.Release|Any CPU.ActiveCfg = Release|Any CPU
		{F25F1CBD-BF40-4ACD-8EE4-5892C4E3EDB7}.Release|Any CPU.Build.0 = Release|Any CPU
		{868B5301-9F37-401E-AA11-E7620BC2439F}.Debug|Any CPU.ActiveCfg = Debug|Any CPU
		{868B5301-9F37-401E-AA11-E7620BC2439F}.Debug|Any CPU.Build.0 = Debug|Any CPU
		{868B5301-9F37-401E-AA11-E7620BC2439F}.Release|Any CPU.ActiveCfg = Release|Any CPU
		{868B5301-9F37-401E-AA11-E7620BC2439F}.Release|Any CPU.Build.0 = Release|Any CPU
		{311836A0-6571-47A1-9069-223F05DCB9B0}.Debug|Any CPU.ActiveCfg = Debug|Any CPU
		{311836A0-6571-47A1-9069-223F05DCB9B0}.Debug|Any CPU.Build.0 = Debug|Any CPU
		{311836A0-6571-47A1-9069-223F05DCB9B0}.Release|Any CPU.ActiveCfg = Release|Any CPU
		{311836A0-6571-47A1-9069-223F05DCB9B0}.Release|Any CPU.Build.0 = Release|Any CPU
		{9AD3A5D3-BDBC-408B-863F-5E15F7F7EFDE}.Debug|Any CPU.ActiveCfg = Debug|Any CPU
		{9AD3A5D3-BDBC-408B-863F-5E15F7F7EFDE}.Debug|Any CPU.Build.0 = Debug|Any CPU
		{9AD3A5D3-BDBC-408B-863F-5E15F7F7EFDE}.Release|Any CPU.ActiveCfg = Release|Any CPU
		{9AD3A5D3-BDBC-408B-863F-5E15F7F7EFDE}.Release|Any CPU.Build.0 = Release|Any CPU
		{F7E14821-A497-441C-9B47-B99ADEBBD671}.Debug|Any CPU.ActiveCfg = Debug|Any CPU
		{F7E14821-A497-441C-9B47-B99ADEBBD671}.Debug|Any CPU.Build.0 = Debug|Any CPU
		{F7E14821-A497-441C-9B47-B99ADEBBD671}.Release|Any CPU.ActiveCfg = Release|Any CPU
		{F7E14821-A497-441C-9B47-B99ADEBBD671}.Release|Any CPU.Build.0 = Release|Any CPU
		{84858E98-AB91-4B7E-AD0D-3903A718FE68}.Debug|Any CPU.ActiveCfg = Debug|Any CPU
		{84858E98-AB91-4B7E-AD0D-3903A718FE68}.Debug|Any CPU.Build.0 = Debug|Any CPU
		{84858E98-AB91-4B7E-AD0D-3903A718FE68}.Release|Any CPU.ActiveCfg = Release|Any CPU
		{84858E98-AB91-4B7E-AD0D-3903A718FE68}.Release|Any CPU.Build.0 = Release|Any CPU
		{1042ABC5-D4A5-44D8-BCE4-F1119232C241}.Debug|Any CPU.ActiveCfg = Debug|Any CPU
		{1042ABC5-D4A5-44D8-BCE4-F1119232C241}.Debug|Any CPU.Build.0 = Debug|Any CPU
		{1042ABC5-D4A5-44D8-BCE4-F1119232C241}.Release|Any CPU.ActiveCfg = Release|Any CPU
		{1042ABC5-D4A5-44D8-BCE4-F1119232C241}.Release|Any CPU.Build.0 = Release|Any CPU
		{77433EE3-F9AF-48BE-8BE0-A3302C62B24E}.Debug|Any CPU.ActiveCfg = Debug|Any CPU
		{77433EE3-F9AF-48BE-8BE0-A3302C62B24E}.Debug|Any CPU.Build.0 = Debug|Any CPU
		{77433EE3-F9AF-48BE-8BE0-A3302C62B24E}.Release|Any CPU.ActiveCfg = Release|Any CPU
		{77433EE3-F9AF-48BE-8BE0-A3302C62B24E}.Release|Any CPU.Build.0 = Release|Any CPU
		{D635DD98-5B95-41BF-B831-9D62D25FFF3D}.Debug|Any CPU.ActiveCfg = Debug|Any CPU
		{D635DD98-5B95-41BF-B831-9D62D25FFF3D}.Debug|Any CPU.Build.0 = Debug|Any CPU
		{D635DD98-5B95-41BF-B831-9D62D25FFF3D}.Release|Any CPU.ActiveCfg = Release|Any CPU
		{D635DD98-5B95-41BF-B831-9D62D25FFF3D}.Release|Any CPU.Build.0 = Release|Any CPU
	EndGlobalSection
	GlobalSection(SolutionProperties) = preSolution
		HideSolutionNode = FALSE
	EndGlobalSection
	GlobalSection(NestedProjects) = preSolution
		{C50F5E24-2697-46D4-B83B-EA0A09E092A4} = {3980B7DD-DE29-4E81-BF94-90FE3DFCAF25}
		{11C4061C-1DEB-49D6-90CC-3FF223096C4B} = {903C7094-8364-4BED-96D0-CF841B22F0D6}
		{79DC9B39-E8FD-47BB-9120-A5F5AE72AA42} = {903C7094-8364-4BED-96D0-CF841B22F0D6}
		{69D170B3-A1D4-4BAA-A442-F798AE44312C} = {903C7094-8364-4BED-96D0-CF841B22F0D6}
		{D949A26F-BBD3-4574-858A-62E05987F615} = {7D00E39A-4304-43BA-8603-6D7BCF582680}
		{A61C3601-5E6A-4D17-9070-241113C6BCB8} = {7D00E39A-4304-43BA-8603-6D7BCF582680}
		{F25F1CBD-BF40-4ACD-8EE4-5892C4E3EDB7} = {7D00E39A-4304-43BA-8603-6D7BCF582680}
		{E257521E-2FED-4F4C-AC51-69EE9E70A12D} = {7D00E39A-4304-43BA-8603-6D7BCF582680}
		{868B5301-9F37-401E-AA11-E7620BC2439F} = {E257521E-2FED-4F4C-AC51-69EE9E70A12D}
		{311836A0-6571-47A1-9069-223F05DCB9B0} = {7D00E39A-4304-43BA-8603-6D7BCF582680}
		{9AD3A5D3-BDBC-408B-863F-5E15F7F7EFDE} = {7D00E39A-4304-43BA-8603-6D7BCF582680}
		{7A34A511-6EDA-47EB-B971-BA73A7BB4287} = {7D00E39A-4304-43BA-8603-6D7BCF582680}
		{F7E14821-A497-441C-9B47-B99ADEBBD671} = {7A34A511-6EDA-47EB-B971-BA73A7BB4287}
		{84858E98-AB91-4B7E-AD0D-3903A718FE68} = {4BB17574-40A0-44B6-9BE4-2B0487870610}
		{1042ABC5-D4A5-44D8-BCE4-F1119232C241} = {4BB17574-40A0-44B6-9BE4-2B0487870610}
		{77433EE3-F9AF-48BE-8BE0-A3302C62B24E} = {4BB17574-40A0-44B6-9BE4-2B0487870610}
		{D635DD98-5B95-41BF-B831-9D62D25FFF3D} = {E99D7BD9-2D12-450C-A5C3-A1E616A860F5}
	EndGlobalSection
EndGlobal
