
Microsoft Visual Studio Solution File, Format Version 12.00
# Visual Studio Version 17
VisualStudioVersion = 17.0.31903.59
MinimumVisualStudioVersion = 10.0.40219.1
Project("{2150E333-8FDC-42A3-9474-1A3956D46DE8}") = "fundamentos-criptografia", "fundamentos-criptografia", "{3980B7DD-DE29-4E81-BF94-90FE3DFCAF25}"
EndProject
Project("{FAE04EC0-301F-11D3-BF4B-00C04F79EFBC}") = "GerarChaveAleatoria", "fundamentos-criptografia\GerarChaveAleatoria\GerarChaveAleatoria.csproj", "{C50F5E24-2697-46D4-B83B-EA0A09E092A4}"
EndProject
Project("{2150E333-8FDC-42A3-9474-1A3956D46DE8}") = "criptografia-simetrica", "criptografia-simetrica", "{903C7094-8364-4BED-96D0-CF841B22F0D6}"
EndProject
Project("{FAE04EC0-301F-11D3-BF4B-00C04F79EFBC}") = "aes-ecb", "criptografia-simetrica\aes-ecb\aes-ecb.csproj", "{11C4061C-1DEB-49D6-90CC-3FF223096C4B}"
EndProject
Project("{FAE04EC0-301F-11D3-BF4B-00C04F79EFBC}") = "aes-cbc", "criptografia-simetrica\aes-cbc\aes-cbc.csproj", "{79DC9B39-E8FD-47BB-9120-A5F5AE72AA42}"
EndProject
Project("{FAE04EC0-301F-11D3-BF4B-00C04F79EFBC}") = "aes-gcm", "criptografia-simetrica\aes-gcm\aes-gcm.csproj", "{69D170B3-A1D4-4BAA-A442-F798AE44312C}"
EndProject
Global
	GlobalSection(SolutionConfigurationPlatforms) = preSolution
		Debug|Any CPU = Debug|Any CPU
		Release|Any CPU = Release|Any CPU
	EndGlobalSection
	GlobalSection(ProjectConfigurationPlatforms) = postSolution
		{C50F5E24-2697-46D4-B83B-EA0A09E092A4}.Debug|Any CPU.ActiveCfg = Debug|Any CPU
		{C50F5E24-2697-46D4-B83B-EA0A09E092A4}.Debug|Any CPU.Build.0 = Debug|Any CPU
		{C50F5E24-2697-46D4-B83B-EA0A09E092A4}.Release|Any CPU.ActiveCfg = Release|Any CPU
		{C50F5E24-2697-46D4-B83B-EA0A09E092A4}.Release|Any CPU.Build.0 = Release|Any CPU
		{11C4061C-1DEB-49D6-90CC-3FF223096C4B}.Debug|Any CPU.ActiveCfg = Debug|Any CPU
		{11C4061C-1DEB-49D6-90CC-3FF223096C4B}.Debug|Any CPU.Build.0 = Debug|Any CPU
		{11C4061C-1DEB-49D6-90CC-3FF223096C4B}.Release|Any CPU.ActiveCfg = Release|Any CPU
		{11C4061C-1DEB-49D6-90CC-3FF223096C4B}.Release|Any CPU.Build.0 = Release|Any CPU
		{79DC9B39-E8FD-47BB-9120-A5F5AE72AA42}.Debug|Any CPU.ActiveCfg = Debug|Any CPU
		{79DC9B39-E8FD-47BB-9120-A5F5AE72AA42}.Debug|Any CPU.Build.0 = Debug|Any CPU
		{79DC9B39-E8FD-47BB-9120-A5F5AE72AA42}.Release|Any CPU.ActiveCfg = Release|Any CPU
		{79DC9B39-E8FD-47BB-9120-A5F5AE72AA42}.Release|Any CPU.Build.0 = Release|Any CPU
		{69D170B3-A1D4-4BAA-A442-F798AE44312C}.Debug|Any CPU.ActiveCfg = Debug|Any CPU
		{69D170B3-A1D4-4BAA-A442-F798AE44312C}.Debug|Any CPU.Build.0 = Debug|Any CPU
		{69D170B3-A1D4-4BAA-A442-F798AE44312C}.Release|Any CPU.ActiveCfg = Release|Any CPU
		{69D170B3-A1D4-4BAA-A442-F798AE44312C}.Release|Any CPU.Build.0 = Release|Any CPU
	EndGlobalSection
	GlobalSection(SolutionProperties) = preSolution
		HideSolutionNode = FALSE
	EndGlobalSection
	GlobalSection(NestedProjects) = preSolution
		{C50F5E24-2697-46D4-B83B-EA0A09E092A4} = {3980B7DD-DE29-4E81-BF94-90FE3DFCAF25}
		{11C4061C-1DEB-49D6-90CC-3FF223096C4B} = {903C7094-8364-4BED-96D0-CF841B22F0D6}
		{79DC9B39-E8FD-47BB-9120-A5F5AE72AA42} = {903C7094-8364-4BED-96D0-CF841B22F0D6}
		{69D170B3-A1D4-4BAA-A442-F798AE44312C} = {903C7094-8364-4BED-96D0-CF841B22F0D6}
	EndGlobalSection
EndGlobal
